github.com/cc-jj/pulse v0.0.3 h1:NFXCsKk+3GVji/Y+2oNF6BfSPh/wFZF+6sjdZxtmIOk=
github.com/cc-jj/pulse v0.0.3/go.mod h1:STeIn2UhwiMyflqMNmhHgqbTnYAHv23FJc4r/WeFv48=
github.com/coder/websocket v1.8.13 h1:f3QZdXy7uGVz+4uCJy2nTZyM0yTBj8yANEHhqlXZ9FE=
github.com/coder/websocket v1.8.13/go.mod h1:LNVeNrXQZfe5qhS9ALED3uA+l5pPqvwXg3CKoDBB2gs=
